// !$*UTF8*$!
{
	archiveVersion = 1;
	classes = {
	};
	objectVersion = 46;
	objects = {

/* Begin PBXBuildFile section */
		0FFA954C16559D4F00A89EA0 /* CTXlistResult.m in Sources */ = {isa = PBXBuildFile; fileRef = 0F369D02162DF5030043A3ED /* CTXlistResult.m */; };
		2D538B48119803E2000AB4A2 /* CTSMTPAsyncConnection.m in Sources */ = {isa = PBXBuildFile; fileRef = 2D538B43119803A6000AB4A2 /* CTSMTPAsyncConnection.m */; };
		404F589E1A3D28860081DA18 /* libmailcore.a in Frameworks */ = {isa = PBXBuildFile; fileRef = F8618B5710DADB5C00C41188 /* libmailcore.a */; };
		404F58AB1A3D28E70081DA18 /* CTCoreMessageTests.m in Sources */ = {isa = PBXBuildFile; fileRef = F8EADFB40B3BB178000C8371 /* CTCoreMessageTests.m */; };
		404F58AD1A3D2B060081DA18 /* libetpan-ios.a in Frameworks */ = {isa = PBXBuildFile; fileRef = 4094E0CC17E629570050EEBF /* libetpan-ios.a */; };
		404F58AF1A3D2B110081DA18 /* libz.dylib in Frameworks */ = {isa = PBXBuildFile; fileRef = 404F58AE1A3D2B110081DA18 /* libz.dylib */; };
		404F58B11A3D2B1A0081DA18 /* libiconv.dylib in Frameworks */ = {isa = PBXBuildFile; fileRef = 404F58B01A3D2B1A0081DA18 /* libiconv.dylib */; };
		404F58B21A3D2B220081DA18 /* libsasl2.a in Frameworks */ = {isa = PBXBuildFile; fileRef = F8886333158102F50088CF38 /* libsasl2.a */; };
		404F58B31A3D2B720081DA18 /* TestData in Resources */ = {isa = PBXBuildFile; fileRef = F9FC3A721683FC07004B2D1E /* TestData */; };
		404F58B41A3D322C0081DA18 /* CTCoreAddressTests.m in Sources */ = {isa = PBXBuildFile; fileRef = F8EA76120C1141C1004F85D8 /* CTCoreAddressTests.m */; };
		404F58D71A3D84240081DA18 /* libcrypto.a in Frameworks */ = {isa = PBXBuildFile; fileRef = F8886342158103460088CF38 /* libcrypto.a */; };
		407A115D1AAE3AF000F219E4 /* CTMIMETests.m in Sources */ = {isa = PBXBuildFile; fileRef = F81A8AEC0C03FC58002F780A /* CTMIMETests.m */; };
		40DDA4F31A4F33AD0079D4FC /* CTNamespaces.m in Sources */ = {isa = PBXBuildFile; fileRef = 40DDA4E91A4F30680079D4FC /* CTNamespaces.m */; settings = {COMPILER_FLAGS = "-fobjc-arc"; }; };
		40DDA4F41A4F36B60079D4FC /* CTNamespaces.h in Headers */ = {isa = PBXBuildFile; fileRef = 40DDA4E81A4F30680079D4FC /* CTNamespaces.h */; settings = {ATTRIBUTES = (Public, ); }; };
		F82AA54116F26F2300BF76A8 /* CTXlistResult.h in Headers */ = {isa = PBXBuildFile; fileRef = 0F369D01162DF5030043A3ED /* CTXlistResult.h */; settings = {ATTRIBUTES = (Public, ); }; };
		F8618D0D10DAE1E600C41188 /* CTSMTPConnection.m in Sources */ = {isa = PBXBuildFile; fileRef = F81B885B0A74AA7100143DF6 /* CTSMTPConnection.m */; };
		F8618D0E10DAE1E600C41188 /* CTSMTP.m in Sources */ = {isa = PBXBuildFile; fileRef = F88CA0CD0BF7A7B00055AC29 /* CTSMTP.m */; };
		F8618D0F10DAE1E600C41188 /* CTESMTP.m in Sources */ = {isa = PBXBuildFile; fileRef = F88CA0D30BF7AC0B0055AC29 /* CTESMTP.m */; };
		F8618D1010DAE1E600C41188 /* CTMIMEFactory.m in Sources */ = {isa = PBXBuildFile; fileRef = F8245A300C04089D005E08A8 /* CTMIMEFactory.m */; };
		F8618D1110DAE1E600C41188 /* CTMIME_MessagePart.m in Sources */ = {isa = PBXBuildFile; fileRef = F81A8AD30C03FC3B002F780A /* CTMIME_MessagePart.m */; };
		F8618D1210DAE1E600C41188 /* CTMIME_MultiPart.m in Sources */ = {isa = PBXBuildFile; fileRef = F81A8AD50C03FC3B002F780A /* CTMIME_MultiPart.m */; };
		F8618D1310DAE1E600C41188 /* CTMIME_SinglePart.m in Sources */ = {isa = PBXBuildFile; fileRef = F81A8AD70C03FC3B002F780A /* CTMIME_SinglePart.m */; };
		F8618D1410DAE1E600C41188 /* CTMIME_TextPart.m in Sources */ = {isa = PBXBuildFile; fileRef = F81A8AD90C03FC3B002F780A /* CTMIME_TextPart.m */; };
		F8618D1510DAE1E600C41188 /* CTMIME.m in Sources */ = {isa = PBXBuildFile; fileRef = F81A8ADB0C03FC3B002F780A /* CTMIME.m */; };
		F8618D1610DAE1E600C41188 /* CTMIME_Enumerator.m in Sources */ = {isa = PBXBuildFile; fileRef = F8430BB00C72B16000753941 /* CTMIME_Enumerator.m */; };
		F8618D1710DAE1E600C41188 /* CTCoreAttachment.m in Sources */ = {isa = PBXBuildFile; fileRef = F81E266D0C6ED4E100B3FBAC /* CTCoreAttachment.m */; };
		F8618D1810DAE1E600C41188 /* CTCoreAccount.m in Sources */ = {isa = PBXBuildFile; fileRef = F81B88510A74AA7100143DF6 /* CTCoreAccount.m */; };
		F8618D1910DAE1E600C41188 /* CTCoreAddress.m in Sources */ = {isa = PBXBuildFile; fileRef = F81B88530A74AA7100143DF6 /* CTCoreAddress.m */; };
		F8618D1A10DAE1E600C41188 /* CTCoreFolder.m in Sources */ = {isa = PBXBuildFile; fileRef = F81B88550A74AA7100143DF6 /* CTCoreFolder.m */; };
		F8618D1B10DAE1E600C41188 /* CTCoreMessage.m in Sources */ = {isa = PBXBuildFile; fileRef = F81B88570A74AA7100143DF6 /* CTCoreMessage.m */; };
		F8618D1D10DAE1E600C41188 /* CTBareAttachment.m in Sources */ = {isa = PBXBuildFile; fileRef = F81E26690C6ED35C00B3FBAC /* CTBareAttachment.m */; };
		F8618D1E10DAE1E600C41188 /* MailCoreUtilities.m in Sources */ = {isa = PBXBuildFile; fileRef = F88804D60B4243C000D400E7 /* MailCoreUtilities.m */; };
		F86B542314F476170080FB8F /* CTSMTPConnection.h in Headers */ = {isa = PBXBuildFile; fileRef = F81B885A0A74AA7100143DF6 /* CTSMTPConnection.h */; settings = {ATTRIBUTES = (Public, ); }; };
		F86B542414F4761C0080FB8F /* CTSMTPAsyncConnection.h in Headers */ = {isa = PBXBuildFile; fileRef = 2D538B42119803A6000AB4A2 /* CTSMTPAsyncConnection.h */; settings = {ATTRIBUTES = (Public, ); }; };
		F86B542514F4761E0080FB8F /* CTSMTP.h in Headers */ = {isa = PBXBuildFile; fileRef = F88CA0CC0BF7A7B00055AC29 /* CTSMTP.h */; settings = {ATTRIBUTES = (Public, ); }; };
		F86B542614F476200080FB8F /* CTESMTP.h in Headers */ = {isa = PBXBuildFile; fileRef = F88CA0D20BF7AC0B0055AC29 /* CTESMTP.h */; settings = {ATTRIBUTES = (Public, ); }; };
		F86B542714F476250080FB8F /* CTMIME_HtmlPart.h in Headers */ = {isa = PBXBuildFile; fileRef = F8EC5B0114C37F60006AF4D3 /* CTMIME_HtmlPart.h */; settings = {ATTRIBUTES = (Public, ); }; };
		F86B542814F476280080FB8F /* CTMIMEFactory.h in Headers */ = {isa = PBXBuildFile; fileRef = F8245A2F0C04089D005E08A8 /* CTMIMEFactory.h */; settings = {ATTRIBUTES = (Public, ); }; };
		F86B542914F4762A0080FB8F /* CTMIME_MessagePart.h in Headers */ = {isa = PBXBuildFile; fileRef = F81A8AD20C03FC3B002F780A /* CTMIME_MessagePart.h */; settings = {ATTRIBUTES = (Public, ); }; };
		F86B542A14F4762C0080FB8F /* CTMIME_MultiPart.h in Headers */ = {isa = PBXBuildFile; fileRef = F81A8AD40C03FC3B002F780A /* CTMIME_MultiPart.h */; settings = {ATTRIBUTES = (Public, ); }; };
		F86B542B14F4762E0080FB8F /* CTMIME_SinglePart.h in Headers */ = {isa = PBXBuildFile; fileRef = F81A8AD60C03FC3B002F780A /* CTMIME_SinglePart.h */; settings = {ATTRIBUTES = (Public, ); }; };
		F86B542C14F4762F0080FB8F /* CTMIME_TextPart.h in Headers */ = {isa = PBXBuildFile; fileRef = F81A8AD80C03FC3B002F780A /* CTMIME_TextPart.h */; settings = {ATTRIBUTES = (Public, ); }; };
		F86B542D14F476320080FB8F /* CTMIME.h in Headers */ = {isa = PBXBuildFile; fileRef = F81A8ADA0C03FC3B002F780A /* CTMIME.h */; settings = {ATTRIBUTES = (Public, ); }; };
		F86B542E14F476330080FB8F /* CTMIME_Enumerator.h in Headers */ = {isa = PBXBuildFile; fileRef = F8430BAF0C72B16000753941 /* CTMIME_Enumerator.h */; settings = {ATTRIBUTES = (Public, ); }; };
		F86B542F14F476350080FB8F /* CTCoreAttachment.h in Headers */ = {isa = PBXBuildFile; fileRef = F81E266C0C6ED4E100B3FBAC /* CTCoreAttachment.h */; settings = {ATTRIBUTES = (Public, ); }; };
		F86B543014F476390080FB8F /* CTCoreAddress.h in Headers */ = {isa = PBXBuildFile; fileRef = F81B88520A74AA7100143DF6 /* CTCoreAddress.h */; settings = {ATTRIBUTES = (Public, ); }; };
		F86B543114F4763F0080FB8F /* CTCoreAccount.h in Headers */ = {isa = PBXBuildFile; fileRef = F81B88500A74AA7100143DF6 /* CTCoreAccount.h */; settings = {ATTRIBUTES = (Public, ); }; };
		F86B543214F476420080FB8F /* CTCoreFolder.h in Headers */ = {isa = PBXBuildFile; fileRef = F81B88540A74AA7100143DF6 /* CTCoreFolder.h */; settings = {ATTRIBUTES = (Public, ); }; };
		F86B543314F476480080FB8F /* CTCoreMessage.h in Headers */ = {isa = PBXBuildFile; fileRef = F81B88560A74AA7100143DF6 /* CTCoreMessage.h */; settings = {ATTRIBUTES = (Public, ); }; };
		F86B543514F4764E0080FB8F /* CTBareAttachment.h in Headers */ = {isa = PBXBuildFile; fileRef = F81E26680C6ED35C00B3FBAC /* CTBareAttachment.h */; settings = {ATTRIBUTES = (Public, ); }; };
		F86B543614F476500080FB8F /* MailCoreUtilities.h in Headers */ = {isa = PBXBuildFile; fileRef = F88804D50B4243C000D400E7 /* MailCoreUtilities.h */; settings = {ATTRIBUTES = (Public, ); }; };
		F86B543714F476530080FB8F /* MailCore.h in Headers */ = {isa = PBXBuildFile; fileRef = F81B885C0A74AA7100143DF6 /* MailCore.h */; settings = {ATTRIBUTES = (Public, ); }; };
		F86B543814F476540080FB8F /* MailCoreTypes.h in Headers */ = {isa = PBXBuildFile; fileRef = F81B885D0A74AA7100143DF6 /* MailCoreTypes.h */; settings = {ATTRIBUTES = (Public, ); }; };
		F8EC5B0514C37F60006AF4D3 /* CTMIME_HtmlPart.m in Sources */ = {isa = PBXBuildFile; fileRef = F8EC5B0214C37F60006AF4D3 /* CTMIME_HtmlPart.m */; };
/* End PBXBuildFile section */

/* Begin PBXContainerItemProxy section */
		404F589F1A3D28860081DA18 /* PBXContainerItemProxy */ = {
			isa = PBXContainerItemProxy;
			containerPortal = 0867D690FE84028FC02AAC07 /* Project object */;
			proxyType = 1;
			remoteGlobalIDString = F8618B5610DADB5C00C41188;
			remoteInfo = "MailCore iOS";
		};
		4094E0C117E629570050EEBF /* PBXContainerItemProxy */ = {
			isa = PBXContainerItemProxy;
			containerPortal = F890D38D10CEECD50039817C /* libetpan.xcodeproj */;
			proxyType = 1;
			remoteGlobalIDString = C682E21815B315EF00BE9DA7;
			remoteInfo = "libetpan ios";
		};
		4094E0C917E629570050EEBF /* PBXContainerItemProxy */ = {
			isa = PBXContainerItemProxy;
			containerPortal = F890D38D10CEECD50039817C /* libetpan.xcodeproj */;
			proxyType = 2;
			remoteGlobalIDString = C69AB10A10546FE500F32FBD;
			remoteInfo = "static libetpan";
		};
		4094E0CB17E629570050EEBF /* PBXContainerItemProxy */ = {
			isa = PBXContainerItemProxy;
			containerPortal = F890D38D10CEECD50039817C /* libetpan.xcodeproj */;
			proxyType = 2;
			remoteGlobalIDString = C682E2C015B315EF00BE9DA7;
			remoteInfo = "libetpan ios";
		};
		40F338B617ECF72600900347 /* PBXContainerItemProxy */ = {
			isa = PBXContainerItemProxy;
			containerPortal = F8886339158103460088CF38 /* openssl.xcodeproj */;
			proxyType = 1;
			remoteGlobalIDString = D2AAC07D0554694100DB518D;
			remoteInfo = ssl;
		};
		40F338B817ECF72600900347 /* PBXContainerItemProxy */ = {
			isa = PBXContainerItemProxy;
			containerPortal = F8886339158103460088CF38 /* openssl.xcodeproj */;
			proxyType = 1;
			remoteGlobalIDString = A0511C51127770FD00DE46C4;
			remoteInfo = crypto;
		};
		F8886332158102F50088CF38 /* PBXContainerItemProxy */ = {
			isa = PBXContainerItemProxy;
			containerPortal = F888632D158102F50088CF38 /* Cyrus SASL.xcodeproj */;
			proxyType = 2;
			remoteGlobalIDString = D2AAC07E0554694100DB518D;
			remoteInfo = sasl2;
		};
		F888633F158103460088CF38 /* PBXContainerItemProxy */ = {
			isa = PBXContainerItemProxy;
			containerPortal = F8886339158103460088CF38 /* openssl.xcodeproj */;
			proxyType = 2;
			remoteGlobalIDString = D2AAC07E0554694100DB518D;
			remoteInfo = ssl;
		};
		F8886341158103460088CF38 /* PBXContainerItemProxy */ = {
			isa = PBXContainerItemProxy;
			containerPortal = F8886339158103460088CF38 /* openssl.xcodeproj */;
			proxyType = 2;
			remoteGlobalIDString = A0511C5A127770FD00DE46C4;
			remoteInfo = crypto;
		};
		F890D39510CEECD50039817C /* PBXContainerItemProxy */ = {
			isa = PBXContainerItemProxy;
			containerPortal = F890D38D10CEECD50039817C /* libetpan.xcodeproj */;
			proxyType = 2;
			remoteGlobalIDString = 8DC2EF5B0486A6940098B216;
			remoteInfo = libetpan;
		};
/* End PBXContainerItemProxy section */

/* Begin PBXFileReference section */
		0867D69BFE84028FC02AAC07 /* Foundation.framework */ = {isa = PBXFileReference; lastKnownFileType = wrapper.framework; name = Foundation.framework; path = /System/Library/Frameworks/Foundation.framework; sourceTree = "<absolute>"; };
		0867D6A5FE840307C02AAC07 /* AppKit.framework */ = {isa = PBXFileReference; lastKnownFileType = wrapper.framework; name = AppKit.framework; path = /System/Library/Frameworks/AppKit.framework; sourceTree = "<absolute>"; };
		0F134A861656D718000D1E83 /* types.plist */ = {isa = PBXFileReference; fileEncoding = 4; lastKnownFileType = text.plist.xml; name = types.plist; path = Resources/types.plist; sourceTree = "<group>"; };
		0F369D01162DF5030043A3ED /* CTXlistResult.h */ = {isa = PBXFileReference; fileEncoding = 4; lastKnownFileType = sourcecode.c.h; name = CTXlistResult.h; path = Source/CTXlistResult.h; sourceTree = "<group>"; };
		0F369D02162DF5030043A3ED /* CTXlistResult.m */ = {isa = PBXFileReference; fileEncoding = 4; lastKnownFileType = sourcecode.c.objc; name = CTXlistResult.m; path = Source/CTXlistResult.m; sourceTree = "<group>"; };
		1058C7B1FEA5585E11CA2CBB /* Cocoa.framework */ = {isa = PBXFileReference; lastKnownFileType = wrapper.framework; name = Cocoa.framework; path = /System/Library/Frameworks/Cocoa.framework; sourceTree = "<absolute>"; };
		2D538B42119803A6000AB4A2 /* CTSMTPAsyncConnection.h */ = {isa = PBXFileReference; fileEncoding = 4; lastKnownFileType = sourcecode.c.h; name = CTSMTPAsyncConnection.h; path = Source/CTSMTPAsyncConnection.h; sourceTree = SOURCE_ROOT; };
		2D538B43119803A6000AB4A2 /* CTSMTPAsyncConnection.m */ = {isa = PBXFileReference; fileEncoding = 4; lastKnownFileType = sourcecode.c.objc; name = CTSMTPAsyncConnection.m; path = Source/CTSMTPAsyncConnection.m; sourceTree = SOURCE_ROOT; };
		404F58981A3D28860081DA18 /* MailCoreTests.xctest */ = {isa = PBXFileReference; explicitFileType = wrapper.cfbundle; includeInIndex = 0; path = MailCoreTests.xctest; sourceTree = BUILT_PRODUCTS_DIR; };
		404F589B1A3D28860081DA18 /* Info.plist */ = {isa = PBXFileReference; lastKnownFileType = text.plist.xml; path = Info.plist; sourceTree = "<group>"; };
		404F58AE1A3D2B110081DA18 /* libz.dylib */ = {isa = PBXFileReference; lastKnownFileType = "compiled.mach-o.dylib"; name = libz.dylib; path = Platforms/iPhoneOS.platform/Developer/SDKs/iPhoneOS8.1.sdk/usr/lib/libz.dylib; sourceTree = DEVELOPER_DIR; };
		404F58B01A3D2B1A0081DA18 /* libiconv.dylib */ = {isa = PBXFileReference; lastKnownFileType = "compiled.mach-o.dylib"; name = libiconv.dylib; path = Platforms/iPhoneOS.platform/Developer/SDKs/iPhoneOS8.1.sdk/usr/lib/libiconv.dylib; sourceTree = DEVELOPER_DIR; };
		40DDA4E81A4F30680079D4FC /* CTNamespaces.h */ = {isa = PBXFileReference; fileEncoding = 4; lastKnownFileType = sourcecode.c.h; name = CTNamespaces.h; path = Source/CTNamespaces.h; sourceTree = "<group>"; };
		40DDA4E91A4F30680079D4FC /* CTNamespaces.m */ = {isa = PBXFileReference; fileEncoding = 4; lastKnownFileType = sourcecode.c.objc; name = CTNamespaces.m; path = Source/CTNamespaces.m; sourceTree = "<group>"; };
		A144A3311B1D4667001A680F /* Lumberjack.framework */ = {isa = PBXFileReference; lastKnownFileType = wrapper.framework; name = Lumberjack.framework; path = ../CocoaLumberjack/Xcode/LumberjackFramework/Desktop/build/Debug/Lumberjack.framework; sourceTree = "<group>"; };
		A17A7E311B1D211600B9BBEB /* Lumberjack.framework */ = {isa = PBXFileReference; lastKnownFileType = wrapper.framework; name = Lumberjack.framework; path = ../CocoaLumberjack/Xcode/LumberjackFramework/Desktop/build/Debug/Lumberjack.framework; sourceTree = "<group>"; };
		A17A7E3A1B1D237F00B9BBEB /* libLumberjack.a */ = {isa = PBXFileReference; lastKnownFileType = archive.ar; name = libLumberjack.a; path = "../../../Library/Developer/Xcode/DerivedData/Tipbit-bdwgnkyhxznzpybtdzhefavvektm/Build/Products/Debug-iphoneos/libLumberjack.a"; sourceTree = "<group>"; };
		A17A7E3D1B1D3AB000B9BBEB /* Lumberjack.framework */ = {isa = PBXFileReference; lastKnownFileType = wrapper.framework; name = Lumberjack.framework; path = ../CocoaLumberjack/Xcode/LumberjackFramework/Desktop/build/Debug/Lumberjack.framework; sourceTree = "<group>"; };
		A1E112041B1E242F005134A0 /* Tidbits.xcodeproj */ = {isa = PBXFileReference; lastKnownFileType = "wrapper.pb-project"; name = Tidbits.xcodeproj; path = ../tidbits/Tidbits.xcodeproj; sourceTree = SOURCE_ROOT; };
		D2F7E79907B2D74100F64583 /* CoreData.framework */ = {isa = PBXFileReference; lastKnownFileType = wrapper.framework; name = CoreData.framework; path = /System/Library/Frameworks/CoreData.framework; sourceTree = "<absolute>"; };
		F81A8AD20C03FC3B002F780A /* CTMIME_MessagePart.h */ = {isa = PBXFileReference; fileEncoding = 30; lastKnownFileType = sourcecode.c.h; name = CTMIME_MessagePart.h; path = Source/CTMIME_MessagePart.h; sourceTree = "<group>"; };
		F81A8AD30C03FC3B002F780A /* CTMIME_MessagePart.m */ = {isa = PBXFileReference; fileEncoding = 30; lastKnownFileType = sourcecode.c.objc; name = CTMIME_MessagePart.m; path = Source/CTMIME_MessagePart.m; sourceTree = "<group>"; };
		F81A8AD40C03FC3B002F780A /* CTMIME_MultiPart.h */ = {isa = PBXFileReference; fileEncoding = 30; lastKnownFileType = sourcecode.c.h; name = CTMIME_MultiPart.h; path = Source/CTMIME_MultiPart.h; sourceTree = "<group>"; };
		F81A8AD50C03FC3B002F780A /* CTMIME_MultiPart.m */ = {isa = PBXFileReference; fileEncoding = 30; lastKnownFileType = sourcecode.c.objc; name = CTMIME_MultiPart.m; path = Source/CTMIME_MultiPart.m; sourceTree = "<group>"; };
		F81A8AD60C03FC3B002F780A /* CTMIME_SinglePart.h */ = {isa = PBXFileReference; fileEncoding = 30; lastKnownFileType = sourcecode.c.h; name = CTMIME_SinglePart.h; path = Source/CTMIME_SinglePart.h; sourceTree = "<group>"; };
		F81A8AD70C03FC3B002F780A /* CTMIME_SinglePart.m */ = {isa = PBXFileReference; fileEncoding = 30; lastKnownFileType = sourcecode.c.objc; name = CTMIME_SinglePart.m; path = Source/CTMIME_SinglePart.m; sourceTree = "<group>"; };
		F81A8AD80C03FC3B002F780A /* CTMIME_TextPart.h */ = {isa = PBXFileReference; fileEncoding = 30; lastKnownFileType = sourcecode.c.h; name = CTMIME_TextPart.h; path = Source/CTMIME_TextPart.h; sourceTree = "<group>"; };
		F81A8AD90C03FC3B002F780A /* CTMIME_TextPart.m */ = {isa = PBXFileReference; fileEncoding = 30; lastKnownFileType = sourcecode.c.objc; name = CTMIME_TextPart.m; path = Source/CTMIME_TextPart.m; sourceTree = "<group>"; };
		F81A8ADA0C03FC3B002F780A /* CTMIME.h */ = {isa = PBXFileReference; fileEncoding = 30; lastKnownFileType = sourcecode.c.h; name = CTMIME.h; path = Source/CTMIME.h; sourceTree = "<group>"; };
		F81A8ADB0C03FC3B002F780A /* CTMIME.m */ = {isa = PBXFileReference; fileEncoding = 30; lastKnownFileType = sourcecode.c.objc; name = CTMIME.m; path = Source/CTMIME.m; sourceTree = "<group>"; };
		F81A8AEC0C03FC58002F780A /* CTMIMETests.m */ = {isa = PBXFileReference; fileEncoding = 30; lastKnownFileType = sourcecode.c.objc; name = CTMIMETests.m; path = Tests/CTMIMETests.m; sourceTree = SOURCE_ROOT; };
		F81B88500A74AA7100143DF6 /* CTCoreAccount.h */ = {isa = PBXFileReference; fileEncoding = 30; lastKnownFileType = sourcecode.c.h; name = CTCoreAccount.h; path = Source/CTCoreAccount.h; sourceTree = SOURCE_ROOT; };
		F81B88510A74AA7100143DF6 /* CTCoreAccount.m */ = {isa = PBXFileReference; fileEncoding = 30; lastKnownFileType = sourcecode.c.objc; name = CTCoreAccount.m; path = Source/CTCoreAccount.m; sourceTree = SOURCE_ROOT; };
		F81B88520A74AA7100143DF6 /* CTCoreAddress.h */ = {isa = PBXFileReference; fileEncoding = 30; lastKnownFileType = sourcecode.c.h; name = CTCoreAddress.h; path = Source/CTCoreAddress.h; sourceTree = SOURCE_ROOT; };
		F81B88530A74AA7100143DF6 /* CTCoreAddress.m */ = {isa = PBXFileReference; fileEncoding = 30; lastKnownFileType = sourcecode.c.objc; name = CTCoreAddress.m; path = Source/CTCoreAddress.m; sourceTree = SOURCE_ROOT; };
		F81B88540A74AA7100143DF6 /* CTCoreFolder.h */ = {isa = PBXFileReference; fileEncoding = 30; lastKnownFileType = sourcecode.c.h; name = CTCoreFolder.h; path = Source/CTCoreFolder.h; sourceTree = SOURCE_ROOT; };
		F81B88550A74AA7100143DF6 /* CTCoreFolder.m */ = {isa = PBXFileReference; fileEncoding = 30; lastKnownFileType = sourcecode.c.objc; name = CTCoreFolder.m; path = Source/CTCoreFolder.m; sourceTree = SOURCE_ROOT; };
		F81B88560A74AA7100143DF6 /* CTCoreMessage.h */ = {isa = PBXFileReference; fileEncoding = 30; lastKnownFileType = sourcecode.c.h; lineEnding = 0; name = CTCoreMessage.h; path = Source/CTCoreMessage.h; sourceTree = SOURCE_ROOT; xcLanguageSpecificationIdentifier = xcode.lang.objcpp; };
		F81B88570A74AA7100143DF6 /* CTCoreMessage.m */ = {isa = PBXFileReference; fileEncoding = 30; lastKnownFileType = sourcecode.c.objc; name = CTCoreMessage.m; path = Source/CTCoreMessage.m; sourceTree = SOURCE_ROOT; };
		F81B885A0A74AA7100143DF6 /* CTSMTPConnection.h */ = {isa = PBXFileReference; fileEncoding = 30; lastKnownFileType = sourcecode.c.h; name = CTSMTPConnection.h; path = Source/CTSMTPConnection.h; sourceTree = "<group>"; };
		F81B885B0A74AA7100143DF6 /* CTSMTPConnection.m */ = {isa = PBXFileReference; fileEncoding = 30; lastKnownFileType = sourcecode.c.objc; name = CTSMTPConnection.m; path = Source/CTSMTPConnection.m; sourceTree = "<group>"; };
		F81B885C0A74AA7100143DF6 /* MailCore.h */ = {isa = PBXFileReference; fileEncoding = 30; lastKnownFileType = sourcecode.c.h; name = MailCore.h; path = Source/MailCore.h; sourceTree = SOURCE_ROOT; };
		F81B885D0A74AA7100143DF6 /* MailCoreTypes.h */ = {isa = PBXFileReference; fileEncoding = 30; lastKnownFileType = sourcecode.c.h; name = MailCoreTypes.h; path = Source/MailCoreTypes.h; sourceTree = SOURCE_ROOT; };
		F81B88700A74AAD800143DF6 /* Info.plist */ = {isa = PBXFileReference; fileEncoding = 30; lastKnownFileType = text.plist.xml; path = Info.plist; sourceTree = SOURCE_ROOT; };
		F81B88710A74AAD800143DF6 /* MailCore_Prefix.pch */ = {isa = PBXFileReference; fileEncoding = 30; lastKnownFileType = sourcecode.c.h; path = MailCore_Prefix.pch; sourceTree = "<group>"; };
		F81E26680C6ED35C00B3FBAC /* CTBareAttachment.h */ = {isa = PBXFileReference; fileEncoding = 4; lastKnownFileType = sourcecode.c.h; name = CTBareAttachment.h; path = Source/CTBareAttachment.h; sourceTree = "<group>"; };
		F81E26690C6ED35C00B3FBAC /* CTBareAttachment.m */ = {isa = PBXFileReference; fileEncoding = 4; lastKnownFileType = sourcecode.c.objc; name = CTBareAttachment.m; path = Source/CTBareAttachment.m; sourceTree = "<group>"; };
		F81E266C0C6ED4E100B3FBAC /* CTCoreAttachment.h */ = {isa = PBXFileReference; fileEncoding = 4; lastKnownFileType = sourcecode.c.h; name = CTCoreAttachment.h; path = Source/CTCoreAttachment.h; sourceTree = "<group>"; };
		F81E266D0C6ED4E100B3FBAC /* CTCoreAttachment.m */ = {isa = PBXFileReference; fileEncoding = 4; lastKnownFileType = sourcecode.c.objc; name = CTCoreAttachment.m; path = Source/CTCoreAttachment.m; sourceTree = "<group>"; };
		F8245A2F0C04089D005E08A8 /* CTMIMEFactory.h */ = {isa = PBXFileReference; fileEncoding = 4; lastKnownFileType = sourcecode.c.h; name = CTMIMEFactory.h; path = Source/CTMIMEFactory.h; sourceTree = "<group>"; };
		F8245A300C04089D005E08A8 /* CTMIMEFactory.m */ = {isa = PBXFileReference; fileEncoding = 4; lastKnownFileType = sourcecode.c.objc; name = CTMIMEFactory.m; path = Source/CTMIMEFactory.m; sourceTree = "<group>"; };
		F8430BAF0C72B16000753941 /* CTMIME_Enumerator.h */ = {isa = PBXFileReference; fileEncoding = 4; lastKnownFileType = sourcecode.c.h; name = CTMIME_Enumerator.h; path = Source/CTMIME_Enumerator.h; sourceTree = "<group>"; };
		F8430BB00C72B16000753941 /* CTMIME_Enumerator.m */ = {isa = PBXFileReference; fileEncoding = 4; lastKnownFileType = sourcecode.c.objc; name = CTMIME_Enumerator.m; path = Source/CTMIME_Enumerator.m; sourceTree = "<group>"; };
		F8483E4009CE7B9000B80440 /* libssl.dylib */ = {isa = PBXFileReference; lastKnownFileType = "compiled.mach-o.dylib"; name = libssl.dylib; path = /usr/lib/libssl.dylib; sourceTree = "<absolute>"; };
		F8483E4209CE7B9C00B80440 /* libiconv.dylib */ = {isa = PBXFileReference; lastKnownFileType = "compiled.mach-o.dylib"; name = libiconv.dylib; path = /usr/lib/libiconv.dylib; sourceTree = "<absolute>"; };
		F8483E4B09CE7C2800B80440 /* libcrypto.dylib */ = {isa = PBXFileReference; lastKnownFileType = "compiled.mach-o.dylib"; name = libcrypto.dylib; path = /usr/lib/libcrypto.dylib; sourceTree = "<absolute>"; };
		F8618B5710DADB5C00C41188 /* libmailcore.a */ = {isa = PBXFileReference; explicitFileType = archive.ar; includeInIndex = 0; path = libmailcore.a; sourceTree = BUILT_PRODUCTS_DIR; };
		F88804610B42018500D400E7 /* libsasl2.dylib */ = {isa = PBXFileReference; lastKnownFileType = "compiled.mach-o.dylib"; name = libsasl2.dylib; path = /usr/lib/libsasl2.dylib; sourceTree = "<absolute>"; };
		F88804D50B4243C000D400E7 /* MailCoreUtilities.h */ = {isa = PBXFileReference; fileEncoding = 30; lastKnownFileType = sourcecode.c.h; name = MailCoreUtilities.h; path = Source/MailCoreUtilities.h; sourceTree = SOURCE_ROOT; };
		F88804D60B4243C000D400E7 /* MailCoreUtilities.m */ = {isa = PBXFileReference; fileEncoding = 30; lastKnownFileType = sourcecode.c.objc; name = MailCoreUtilities.m; path = Source/MailCoreUtilities.m; sourceTree = SOURCE_ROOT; };
		F88863091581023C0088CF38 /* libiconv.dylib */ = {isa = PBXFileReference; lastKnownFileType = "compiled.mach-o.dylib"; name = libiconv.dylib; path = Platforms/iPhoneOS.platform/Developer/SDKs/iPhoneOS5.1.sdk/usr/lib/libiconv.dylib; sourceTree = DEVELOPER_DIR; };
		F888632D158102F50088CF38 /* Cyrus SASL.xcodeproj */ = {isa = PBXFileReference; lastKnownFileType = "wrapper.pb-project"; name = "Cyrus SASL.xcodeproj"; path = "iOSPorts/ports/security/cyrus-sasl/Cyrus SASL.xcodeproj"; sourceTree = "<group>"; };
		F8886337158103250088CF38 /* CFNetwork.framework */ = {isa = PBXFileReference; lastKnownFileType = wrapper.framework; name = CFNetwork.framework; path = Platforms/iPhoneOS.platform/Developer/SDKs/iPhoneOS5.1.sdk/System/Library/Frameworks/CFNetwork.framework; sourceTree = DEVELOPER_DIR; };
		F8886339158103460088CF38 /* openssl.xcodeproj */ = {isa = PBXFileReference; lastKnownFileType = "wrapper.pb-project"; name = openssl.xcodeproj; path = iOSPorts/ports/security/openssl/openssl.xcodeproj; sourceTree = "<group>"; };
		F88CA0CC0BF7A7B00055AC29 /* CTSMTP.h */ = {isa = PBXFileReference; fileEncoding = 4; lastKnownFileType = sourcecode.c.h; name = CTSMTP.h; path = Source/CTSMTP.h; sourceTree = "<group>"; };
		F88CA0CD0BF7A7B00055AC29 /* CTSMTP.m */ = {isa = PBXFileReference; fileEncoding = 4; lastKnownFileType = sourcecode.c.objc; name = CTSMTP.m; path = Source/CTSMTP.m; sourceTree = "<group>"; };
		F88CA0D20BF7AC0B0055AC29 /* CTESMTP.h */ = {isa = PBXFileReference; fileEncoding = 4; lastKnownFileType = sourcecode.c.h; name = CTESMTP.h; path = Source/CTESMTP.h; sourceTree = "<group>"; };
		F88CA0D30BF7AC0B0055AC29 /* CTESMTP.m */ = {isa = PBXFileReference; fileEncoding = 4; lastKnownFileType = sourcecode.c.objc; name = CTESMTP.m; path = Source/CTESMTP.m; sourceTree = "<group>"; };
		F890D38D10CEECD50039817C /* libetpan.xcodeproj */ = {isa = PBXFileReference; lastKnownFileType = "wrapper.pb-project"; name = libetpan.xcodeproj; path = "libetpan/build-mac/libetpan.xcodeproj"; sourceTree = SOURCE_ROOT; };
		F8D31A3109C524EA00468234 /* main.m */ = {isa = PBXFileReference; fileEncoding = 4; lastKnownFileType = sourcecode.c.objc; path = main.m; sourceTree = "<group>"; };
		F8DFAB0410541708003D3CC1 /* libetpan.framework */ = {isa = PBXFileReference; lastKnownFileType = wrapper.framework; name = libetpan.framework; path = "OpenSourceProjects/libetpan-0.58/build-mac/build/Release/libetpan.framework"; sourceTree = "<group>"; };
		F8EA76120C1141C1004F85D8 /* CTCoreAddressTests.m */ = {isa = PBXFileReference; fileEncoding = 4; lastKnownFileType = sourcecode.c.objc; name = CTCoreAddressTests.m; path = ../Tests/CTCoreAddressTests.m; sourceTree = "<group>"; };
		F8EADFB40B3BB178000C8371 /* CTCoreMessageTests.m */ = {isa = PBXFileReference; fileEncoding = 4; lastKnownFileType = sourcecode.c.objc; name = CTCoreMessageTests.m; path = ../Tests/CTCoreMessageTests.m; sourceTree = "<group>"; };
		F8EC5B0114C37F60006AF4D3 /* CTMIME_HtmlPart.h */ = {isa = PBXFileReference; fileEncoding = 4; lastKnownFileType = sourcecode.c.h; name = CTMIME_HtmlPart.h; path = Source/CTMIME_HtmlPart.h; sourceTree = "<group>"; };
		F8EC5B0214C37F60006AF4D3 /* CTMIME_HtmlPart.m */ = {isa = PBXFileReference; fileEncoding = 4; lastKnownFileType = sourcecode.c.objc; name = CTMIME_HtmlPart.m; path = Source/CTMIME_HtmlPart.m; sourceTree = "<group>"; };
		F9FC3A721683FC07004B2D1E /* TestData */ = {isa = PBXFileReference; lastKnownFileType = folder; name = TestData; path = ../TestData; sourceTree = "<group>"; };
/* End PBXFileReference section */

/* Begin PBXFrameworksBuildPhase section */
		404F58951A3D28860081DA18 /* Frameworks */ = {
			isa = PBXFrameworksBuildPhase;
			buildActionMask = 2147483647;
			files = (
				404F58D71A3D84240081DA18 /* libcrypto.a in Frameworks */,
				404F58AD1A3D2B060081DA18 /* libetpan-ios.a in Frameworks */,
				404F589E1A3D28860081DA18 /* libmailcore.a in Frameworks */,
				404F58B21A3D2B220081DA18 /* libsasl2.a in Frameworks */,
				404F58B11A3D2B1A0081DA18 /* libiconv.dylib in Frameworks */,
				404F58AF1A3D2B110081DA18 /* libz.dylib in Frameworks */,
			);
			runOnlyForDeploymentPostprocessing = 0;
		};
		F8618B5510DADB5C00C41188 /* Frameworks */ = {
			isa = PBXFrameworksBuildPhase;
			buildActionMask = 2147483647;
			files = (
			);
			runOnlyForDeploymentPostprocessing = 0;
		};
/* End PBXFrameworksBuildPhase section */

/* Begin PBXGroup section */
		034768DFFF38A50411DB9C8B /* Products */ = {
			isa = PBXGroup;
			children = (
				F8618B5710DADB5C00C41188 /* libmailcore.a */,
				404F58981A3D28860081DA18 /* MailCoreTests.xctest */,
			);
			name = Products;
			sourceTree = "<group>";
		};
		0867D691FE84028FC02AAC07 /* MailCore */ = {
			isa = PBXGroup;
			children = (
				A1E112041B1E242F005134A0 /* Tidbits.xcodeproj */,
				F8886339158103460088CF38 /* openssl.xcodeproj */,
				F888632D158102F50088CF38 /* Cyrus SASL.xcodeproj */,
				F890D38D10CEECD50039817C /* libetpan.xcodeproj */,
				08FB77AEFE84172EC02AAC07 /* Classes */,
				32C88DFF0371C24200C91783 /* Other Sources */,
				089C1665FE841158C02AAC07 /* Resources */,
				0867D69AFE84028FC02AAC07 /* External Frameworks and Libraries */,
				404F58991A3D28860081DA18 /* MailCoreTests */,
				F8DFCF4A15801A5000C01975 /* Frameworks */,
				034768DFFF38A50411DB9C8B /* Products */,
			);
			name = MailCore;
			sourceTree = "<group>";
		};
		0867D69AFE84028FC02AAC07 /* External Frameworks and Libraries */ = {
			isa = PBXGroup;
			children = (
				F88863091581023C0088CF38 /* libiconv.dylib */,
				1058C7B0FEA5585E11CA2CBB /* Linked Frameworks */,
				1058C7B2FEA5585E11CA2CBB /* Other Frameworks */,
			);
			name = "External Frameworks and Libraries";
			sourceTree = "<group>";
		};
		089C1665FE841158C02AAC07 /* Resources */ = {
			isa = PBXGroup;
			children = (
				0F134A861656D718000D1E83 /* types.plist */,
				F81B88700A74AAD800143DF6 /* Info.plist */,
			);
			name = Resources;
			sourceTree = "<group>";
		};
		08FB77AEFE84172EC02AAC07 /* Classes */ = {
			isa = PBXGroup;
			children = (
				F81E26810C6ED57400B3FBAC /* SMTP */,
				F81E26720C6ED56000B3FBAC /* MIME */,
				F81E266C0C6ED4E100B3FBAC /* CTCoreAttachment.h */,
				F81E266D0C6ED4E100B3FBAC /* CTCoreAttachment.m */,
				F81B88500A74AA7100143DF6 /* CTCoreAccount.h */,
				F81B88510A74AA7100143DF6 /* CTCoreAccount.m */,
				F81B88520A74AA7100143DF6 /* CTCoreAddress.h */,
				F81B88530A74AA7100143DF6 /* CTCoreAddress.m */,
				F81B88540A74AA7100143DF6 /* CTCoreFolder.h */,
				F81B88550A74AA7100143DF6 /* CTCoreFolder.m */,
				F81B88560A74AA7100143DF6 /* CTCoreMessage.h */,
				F81B88570A74AA7100143DF6 /* CTCoreMessage.m */,
				F81E26680C6ED35C00B3FBAC /* CTBareAttachment.h */,
				F81E26690C6ED35C00B3FBAC /* CTBareAttachment.m */,
				40DDA4E81A4F30680079D4FC /* CTNamespaces.h */,
				40DDA4E91A4F30680079D4FC /* CTNamespaces.m */,
				0F369D01162DF5030043A3ED /* CTXlistResult.h */,
				0F369D02162DF5030043A3ED /* CTXlistResult.m */,
				F88804D50B4243C000D400E7 /* MailCoreUtilities.h */,
				F88804D60B4243C000D400E7 /* MailCoreUtilities.m */,
				F81B885C0A74AA7100143DF6 /* MailCore.h */,
				F81B885D0A74AA7100143DF6 /* MailCoreTypes.h */,
			);
			name = Classes;
			sourceTree = "<group>";
		};
		1058C7B0FEA5585E11CA2CBB /* Linked Frameworks */ = {
			isa = PBXGroup;
			children = (
				F8DFAB0410541708003D3CC1 /* libetpan.framework */,
				F88804610B42018500D400E7 /* libsasl2.dylib */,
				F8483E4B09CE7C2800B80440 /* libcrypto.dylib */,
				F8483E4209CE7B9C00B80440 /* libiconv.dylib */,
				F8483E4009CE7B9000B80440 /* libssl.dylib */,
				1058C7B1FEA5585E11CA2CBB /* Cocoa.framework */,
			);
			name = "Linked Frameworks";
			sourceTree = "<group>";
		};
		1058C7B2FEA5585E11CA2CBB /* Other Frameworks */ = {
			isa = PBXGroup;
			children = (
				F8886337158103250088CF38 /* CFNetwork.framework */,
				0867D6A5FE840307C02AAC07 /* AppKit.framework */,
				D2F7E79907B2D74100F64583 /* CoreData.framework */,
				0867D69BFE84028FC02AAC07 /* Foundation.framework */,
			);
			name = "Other Frameworks";
			sourceTree = "<group>";
		};
		32C88DFF0371C24200C91783 /* Other Sources */ = {
			isa = PBXGroup;
			children = (
				F81B88710A74AAD800143DF6 /* MailCore_Prefix.pch */,
				F8D31A3109C524EA00468234 /* main.m */,
			);
			name = "Other Sources";
			sourceTree = "<group>";
		};
		404F58991A3D28860081DA18 /* MailCoreTests */ = {
			isa = PBXGroup;
			children = (
				F9FC3A721683FC07004B2D1E /* TestData */,
				F8EA76120C1141C1004F85D8 /* CTCoreAddressTests.m */,
				F8EADFB40B3BB178000C8371 /* CTCoreMessageTests.m */,
				F81A8AEC0C03FC58002F780A /* CTMIMETests.m */,
				404F589A1A3D28860081DA18 /* Supporting Files */,
			);
			path = MailCoreTests;
			sourceTree = "<group>";
		};
		404F589A1A3D28860081DA18 /* Supporting Files */ = {
			isa = PBXGroup;
			children = (
				404F589B1A3D28860081DA18 /* Info.plist */,
			);
			name = "Supporting Files";
			sourceTree = "<group>";
		};
		F81E26720C6ED56000B3FBAC /* MIME */ = {
			isa = PBXGroup;
			children = (
				F8EC5B0114C37F60006AF4D3 /* CTMIME_HtmlPart.h */,
				F8EC5B0214C37F60006AF4D3 /* CTMIME_HtmlPart.m */,
				F8245A2F0C04089D005E08A8 /* CTMIMEFactory.h */,
				F8245A300C04089D005E08A8 /* CTMIMEFactory.m */,
				F81A8AD20C03FC3B002F780A /* CTMIME_MessagePart.h */,
				F81A8AD30C03FC3B002F780A /* CTMIME_MessagePart.m */,
				F81A8AD40C03FC3B002F780A /* CTMIME_MultiPart.h */,
				F81A8AD50C03FC3B002F780A /* CTMIME_MultiPart.m */,
				F81A8AD60C03FC3B002F780A /* CTMIME_SinglePart.h */,
				F81A8AD70C03FC3B002F780A /* CTMIME_SinglePart.m */,
				F81A8AD80C03FC3B002F780A /* CTMIME_TextPart.h */,
				F81A8AD90C03FC3B002F780A /* CTMIME_TextPart.m */,
				F81A8ADA0C03FC3B002F780A /* CTMIME.h */,
				F81A8ADB0C03FC3B002F780A /* CTMIME.m */,
				F8430BAF0C72B16000753941 /* CTMIME_Enumerator.h */,
				F8430BB00C72B16000753941 /* CTMIME_Enumerator.m */,
			);
			name = MIME;
			sourceTree = "<group>";
		};
		F81E26810C6ED57400B3FBAC /* SMTP */ = {
			isa = PBXGroup;
			children = (
				F81B885A0A74AA7100143DF6 /* CTSMTPConnection.h */,
				F81B885B0A74AA7100143DF6 /* CTSMTPConnection.m */,
				2D538B42119803A6000AB4A2 /* CTSMTPAsyncConnection.h */,
				2D538B43119803A6000AB4A2 /* CTSMTPAsyncConnection.m */,
				F88CA0CC0BF7A7B00055AC29 /* CTSMTP.h */,
				F88CA0CD0BF7A7B00055AC29 /* CTSMTP.m */,
				F88CA0D20BF7AC0B0055AC29 /* CTESMTP.h */,
				F88CA0D30BF7AC0B0055AC29 /* CTESMTP.m */,
			);
			name = SMTP;
			sourceTree = "<group>";
		};
		F888632E158102F50088CF38 /* Products */ = {
			isa = PBXGroup;
			children = (
				F8886333158102F50088CF38 /* libsasl2.a */,
			);
			name = Products;
			sourceTree = "<group>";
		};
		F888633A158103460088CF38 /* Products */ = {
			isa = PBXGroup;
			children = (
				F8886340158103460088CF38 /* libssl.a */,
				F8886342158103460088CF38 /* libcrypto.a */,
			);
			name = Products;
			sourceTree = "<group>";
		};
		F890D39010CEECD50039817C /* Products */ = {
			isa = PBXGroup;
			children = (
				F890D39610CEECD50039817C /* libetpan.framework */,
				4094E0CA17E629570050EEBF /* libetpan.a */,
				4094E0CC17E629570050EEBF /* libetpan-ios.a */,
			);
			name = Products;
			sourceTree = "<group>";
		};
		F8DFCF4A15801A5000C01975 /* Frameworks */ = {
			isa = PBXGroup;
			children = (
				A144A3311B1D4667001A680F /* Lumberjack.framework */,
				A17A7E3D1B1D3AB000B9BBEB /* Lumberjack.framework */,
				A17A7E3A1B1D237F00B9BBEB /* libLumberjack.a */,
				A17A7E311B1D211600B9BBEB /* Lumberjack.framework */,
				404F58B01A3D2B1A0081DA18 /* libiconv.dylib */,
				404F58AE1A3D2B110081DA18 /* libz.dylib */,
			);
			name = Frameworks;
			sourceTree = "<group>";
		};
/* End PBXGroup section */

/* Begin PBXHeadersBuildPhase section */
		F831808C15AE74CE00448FC5 /* Headers */ = {
			isa = PBXHeadersBuildPhase;
			buildActionMask = 2147483647;
			files = (
				F86B543814F476540080FB8F /* MailCoreTypes.h in Headers */,
				F86B543714F476530080FB8F /* MailCore.h in Headers */,
				F86B543614F476500080FB8F /* MailCoreUtilities.h in Headers */,
				F86B543514F4764E0080FB8F /* CTBareAttachment.h in Headers */,
				F86B543314F476480080FB8F /* CTCoreMessage.h in Headers */,
				F86B543214F476420080FB8F /* CTCoreFolder.h in Headers */,
				F86B543114F4763F0080FB8F /* CTCoreAccount.h in Headers */,
				F86B543014F476390080FB8F /* CTCoreAddress.h in Headers */,
				F86B542F14F476350080FB8F /* CTCoreAttachment.h in Headers */,
				F86B542E14F476330080FB8F /* CTMIME_Enumerator.h in Headers */,
				F86B542D14F476320080FB8F /* CTMIME.h in Headers */,
				F86B542C14F4762F0080FB8F /* CTMIME_TextPart.h in Headers */,
				40DDA4F41A4F36B60079D4FC /* CTNamespaces.h in Headers */,
				F86B542B14F4762E0080FB8F /* CTMIME_SinglePart.h in Headers */,
				F86B542A14F4762C0080FB8F /* CTMIME_MultiPart.h in Headers */,
				F86B542914F4762A0080FB8F /* CTMIME_MessagePart.h in Headers */,
				F86B542814F476280080FB8F /* CTMIMEFactory.h in Headers */,
				F86B542714F476250080FB8F /* CTMIME_HtmlPart.h in Headers */,
				F86B542314F476170080FB8F /* CTSMTPConnection.h in Headers */,
				F86B542414F4761C0080FB8F /* CTSMTPAsyncConnection.h in Headers */,
				F86B542514F4761E0080FB8F /* CTSMTP.h in Headers */,
				F82AA54116F26F2300BF76A8 /* CTXlistResult.h in Headers */,
				F86B542614F476200080FB8F /* CTESMTP.h in Headers */,
			);
			runOnlyForDeploymentPostprocessing = 0;
		};
/* End PBXHeadersBuildPhase section */

/* Begin PBXNativeTarget section */
		404F58971A3D28860081DA18 /* MailCoreTests */ = {
			isa = PBXNativeTarget;
			buildConfigurationList = 404F58AA1A3D28860081DA18 /* Build configuration list for PBXNativeTarget "MailCoreTests" */;
			buildPhases = (
				404F58941A3D28860081DA18 /* Sources */,
				404F58951A3D28860081DA18 /* Frameworks */,
				404F58961A3D28860081DA18 /* Resources */,
			);
			buildRules = (
			);
			dependencies = (
				404F58A01A3D28860081DA18 /* PBXTargetDependency */,
			);
			name = MailCoreTests;
			productName = MailCoreTests;
			productReference = 404F58981A3D28860081DA18 /* MailCoreTests.xctest */;
			productType = "com.apple.product-type.bundle.unit-test";
		};
		F8618B5610DADB5C00C41188 /* MailCore iOS */ = {
			isa = PBXNativeTarget;
			buildConfigurationList = F8618B5B10DADB8300C41188 /* Build configuration list for PBXNativeTarget "MailCore iOS" */;
			buildPhases = (
				F8618B5410DADB5C00C41188 /* Sources */,
				F8618B5510DADB5C00C41188 /* Frameworks */,
				F831808C15AE74CE00448FC5 /* Headers */,
			);
			buildRules = (
			);
			dependencies = (
				40F338B917ECF72600900347 /* PBXTargetDependency */,
				4094E0C217E629570050EEBF /* PBXTargetDependency */,
				40F338B717ECF72600900347 /* PBXTargetDependency */,
			);
			name = "MailCore iOS";
			productName = "MailCore iPhone";
			productReference = F8618B5710DADB5C00C41188 /* libmailcore.a */;
			productType = "com.apple.product-type.library.static";
		};
/* End PBXNativeTarget section */

/* Begin PBXProject section */
		0867D690FE84028FC02AAC07 /* Project object */ = {
			isa = PBXProject;
			attributes = {
				LastTestingUpgradeCheck = 0510;
				LastUpgradeCheck = 0500;
				TargetAttributes = {
					404F58971A3D28860081DA18 = {
						CreatedOnToolsVersion = 6.1.1;
					};
				};
			};
			buildConfigurationList = 1DEB91B108733DA50010E9CD /* Build configuration list for PBXProject "MailCore" */;
			compatibilityVersion = "Xcode 3.2";
			developmentRegion = English;
			hasScannedForEncodings = 1;
			knownRegions = (
				en,
			);
			mainGroup = 0867D691FE84028FC02AAC07 /* MailCore */;
			productRefGroup = 034768DFFF38A50411DB9C8B /* Products */;
			projectDirPath = "";
			projectReferences = (
				{
					ProductGroup = F888632E158102F50088CF38 /* Products */;
					ProjectRef = F888632D158102F50088CF38 /* Cyrus SASL.xcodeproj */;
				},
				{
					ProductGroup = F890D39010CEECD50039817C /* Products */;
					ProjectRef = F890D38D10CEECD50039817C /* libetpan.xcodeproj */;
				},
				{
					ProductGroup = F888633A158103460088CF38 /* Products */;
					ProjectRef = F8886339158103460088CF38 /* openssl.xcodeproj */;
				},
			);
			projectRoot = ..;
			targets = (
				F8618B5610DADB5C00C41188 /* MailCore iOS */,
				404F58971A3D28860081DA18 /* MailCoreTests */,
			);
		};
/* End PBXProject section */

/* Begin PBXReferenceProxy section */
		4094E0CA17E629570050EEBF /* libetpan.a */ = {
			isa = PBXReferenceProxy;
			fileType = archive.ar;
			path = libetpan.a;
			remoteRef = 4094E0C917E629570050EEBF /* PBXContainerItemProxy */;
			sourceTree = BUILT_PRODUCTS_DIR;
		};
		4094E0CC17E629570050EEBF /* libetpan-ios.a */ = {
			isa = PBXReferenceProxy;
			fileType = archive.ar;
			path = "libetpan-ios.a";
			remoteRef = 4094E0CB17E629570050EEBF /* PBXContainerItemProxy */;
			sourceTree = BUILT_PRODUCTS_DIR;
		};
		F8886333158102F50088CF38 /* libsasl2.a */ = {
			isa = PBXReferenceProxy;
			fileType = archive.ar;
			path = libsasl2.a;
			remoteRef = F8886332158102F50088CF38 /* PBXContainerItemProxy */;
			sourceTree = BUILT_PRODUCTS_DIR;
		};
		F8886340158103460088CF38 /* libssl.a */ = {
			isa = PBXReferenceProxy;
			fileType = archive.ar;
			path = libssl.a;
			remoteRef = F888633F158103460088CF38 /* PBXContainerItemProxy */;
			sourceTree = BUILT_PRODUCTS_DIR;
		};
		F8886342158103460088CF38 /* libcrypto.a */ = {
			isa = PBXReferenceProxy;
			fileType = archive.ar;
			path = libcrypto.a;
			remoteRef = F8886341158103460088CF38 /* PBXContainerItemProxy */;
			sourceTree = BUILT_PRODUCTS_DIR;
		};
		F890D39610CEECD50039817C /* libetpan.framework */ = {
			isa = PBXReferenceProxy;
			fileType = wrapper.framework;
			path = libetpan.framework;
			remoteRef = F890D39510CEECD50039817C /* PBXContainerItemProxy */;
			sourceTree = BUILT_PRODUCTS_DIR;
		};
/* End PBXReferenceProxy section */

/* Begin PBXResourcesBuildPhase section */
		404F58961A3D28860081DA18 /* Resources */ = {
			isa = PBXResourcesBuildPhase;
			buildActionMask = 2147483647;
			files = (
				404F58B31A3D2B720081DA18 /* TestData in Resources */,
			);
			runOnlyForDeploymentPostprocessing = 0;
		};
/* End PBXResourcesBuildPhase section */

/* Begin PBXSourcesBuildPhase section */
		404F58941A3D28860081DA18 /* Sources */ = {
			isa = PBXSourcesBuildPhase;
			buildActionMask = 2147483647;
			files = (
				407A115D1AAE3AF000F219E4 /* CTMIMETests.m in Sources */,
				404F58B41A3D322C0081DA18 /* CTCoreAddressTests.m in Sources */,
				404F58AB1A3D28E70081DA18 /* CTCoreMessageTests.m in Sources */,
			);
			runOnlyForDeploymentPostprocessing = 0;
		};
		F8618B5410DADB5C00C41188 /* Sources */ = {
			isa = PBXSourcesBuildPhase;
			buildActionMask = 2147483647;
			files = (
				0FFA954C16559D4F00A89EA0 /* CTXlistResult.m in Sources */,
				F8618D0D10DAE1E600C41188 /* CTSMTPConnection.m in Sources */,
				F8618D0E10DAE1E600C41188 /* CTSMTP.m in Sources */,
				F8618D0F10DAE1E600C41188 /* CTESMTP.m in Sources */,
				F8618D1010DAE1E600C41188 /* CTMIMEFactory.m in Sources */,
				F8618D1110DAE1E600C41188 /* CTMIME_MessagePart.m in Sources */,
				F8618D1210DAE1E600C41188 /* CTMIME_MultiPart.m in Sources */,
				F8618D1310DAE1E600C41188 /* CTMIME_SinglePart.m in Sources */,
				F8618D1410DAE1E600C41188 /* CTMIME_TextPart.m in Sources */,
				F8618D1510DAE1E600C41188 /* CTMIME.m in Sources */,
				F8618D1610DAE1E600C41188 /* CTMIME_Enumerator.m in Sources */,
				F8618D1710DAE1E600C41188 /* CTCoreAttachment.m in Sources */,
				F8618D1810DAE1E600C41188 /* CTCoreAccount.m in Sources */,
				F8618D1910DAE1E600C41188 /* CTCoreAddress.m in Sources */,
				F8618D1A10DAE1E600C41188 /* CTCoreFolder.m in Sources */,
				F8618D1B10DAE1E600C41188 /* CTCoreMessage.m in Sources */,
				F8618D1D10DAE1E600C41188 /* CTBareAttachment.m in Sources */,
				F8618D1E10DAE1E600C41188 /* MailCoreUtilities.m in Sources */,
				2D538B48119803E2000AB4A2 /* CTSMTPAsyncConnection.m in Sources */,
				40DDA4F31A4F33AD0079D4FC /* CTNamespaces.m in Sources */,
				F8EC5B0514C37F60006AF4D3 /* CTMIME_HtmlPart.m in Sources */,
			);
			runOnlyForDeploymentPostprocessing = 0;
		};
/* End PBXSourcesBuildPhase section */

/* Begin PBXTargetDependency section */
		404F58A01A3D28860081DA18 /* PBXTargetDependency */ = {
			isa = PBXTargetDependency;
			target = F8618B5610DADB5C00C41188 /* MailCore iOS */;
			targetProxy = 404F589F1A3D28860081DA18 /* PBXContainerItemProxy */;
		};
		4094E0C217E629570050EEBF /* PBXTargetDependency */ = {
			isa = PBXTargetDependency;
			name = "libetpan ios";
			targetProxy = 4094E0C117E629570050EEBF /* PBXContainerItemProxy */;
		};
		40F338B717ECF72600900347 /* PBXTargetDependency */ = {
			isa = PBXTargetDependency;
			name = ssl;
			targetProxy = 40F338B617ECF72600900347 /* PBXContainerItemProxy */;
		};
		40F338B917ECF72600900347 /* PBXTargetDependency */ = {
			isa = PBXTargetDependency;
			name = crypto;
			targetProxy = 40F338B817ECF72600900347 /* PBXContainerItemProxy */;
		};
/* End PBXTargetDependency section */

/* Begin XCBuildConfiguration section */
		1DEB91B208733DA50010E9CD /* Debug */ = {
			isa = XCBuildConfiguration;
			buildSettings = {
				DEBUG_INFORMATION_FORMAT = "dwarf-with-dsym";
				GCC_C_LANGUAGE_STANDARD = "compiler-default";
				GCC_ENABLE_OBJC_EXCEPTIONS = YES;
				GCC_PREPROCESSOR_DEFINITIONS = (
					"DEBUG=1",
					"$(inherited)",
				);
				GCC_TREAT_WARNINGS_AS_ERRORS = YES;
				GCC_WARN_ABOUT_RETURN_TYPE = YES;
				GCC_WARN_UNUSED_VARIABLE = YES;
				HEADER_SEARCH_PATHS = "libetpan/build-mac/include/**";
				IPHONEOS_DEPLOYMENT_TARGET = 7.0;
				LIBRARY_SEARCH_PATHS = "";
				ONLY_ACTIVE_ARCH = YES;
				SDKROOT = macosx;
			};
			name = Debug;
		};
		1DEB91B308733DA50010E9CD /* Release */ = {
			isa = XCBuildConfiguration;
			buildSettings = {
				DEAD_CODE_STRIPPING = YES;
				DEBUG_INFORMATION_FORMAT = "dwarf-with-dsym";
				GCC_C_LANGUAGE_STANDARD = "compiler-default";
				GCC_ENABLE_OBJC_EXCEPTIONS = YES;
				GCC_TREAT_WARNINGS_AS_ERRORS = YES;
				GCC_WARN_ABOUT_RETURN_TYPE = YES;
				GCC_WARN_UNUSED_VARIABLE = YES;
				HEADER_SEARCH_PATHS = "libetpan/build-mac/include/**";
				IPHONEOS_DEPLOYMENT_TARGET = 7.0;
				LIBRARY_SEARCH_PATHS = "";
				SDKROOT = macosx;
			};
			name = Release;
		};
		404F58A11A3D28860081DA18 /* Debug */ = {
			isa = XCBuildConfiguration;
			buildSettings = {
				ALWAYS_SEARCH_USER_PATHS = YES;
				CLANG_CXX_LANGUAGE_STANDARD = "gnu++0x";
				CLANG_CXX_LIBRARY = "libc++";
				CLANG_ENABLE_MODULES = YES;
				CLANG_ENABLE_OBJC_ARC = YES;
				CLANG_WARN_BOOL_CONVERSION = YES;
				CLANG_WARN_CONSTANT_CONVERSION = YES;
				CLANG_WARN_DIRECT_OBJC_ISA_USAGE = YES_ERROR;
				CLANG_WARN_EMPTY_BODY = YES;
				CLANG_WARN_ENUM_CONVERSION = YES;
				CLANG_WARN_INT_CONVERSION = YES;
				CLANG_WARN_OBJC_ROOT_CLASS = YES_ERROR;
				CLANG_WARN_UNREACHABLE_CODE = YES;
				CLANG_WARN__DUPLICATE_METHOD_MATCH = YES;
				COPY_PHASE_STRIP = NO;
				ENABLE_STRICT_OBJC_MSGSEND = YES;
				FRAMEWORK_SEARCH_PATHS = (
					"$(SDKROOT)/Developer/Library/Frameworks",
					"$(inherited)",
				);
				GCC_C_LANGUAGE_STANDARD = gnu99;
				GCC_DYNAMIC_NO_PIC = NO;
				GCC_OPTIMIZATION_LEVEL = 0;
				GCC_SYMBOLS_PRIVATE_EXTERN = NO;
				GCC_WARN_64_TO_32_BIT_CONVERSION = YES;
				GCC_WARN_ABOUT_RETURN_TYPE = YES_ERROR;
				GCC_WARN_UNDECLARED_SELECTOR = YES;
				GCC_WARN_UNINITIALIZED_AUTOS = YES_AGGRESSIVE;
				GCC_WARN_UNUSED_FUNCTION = YES;
				HEADER_SEARCH_PATHS = (
					"libetpan/build-mac/include/**",
					"$(SRCROOT)/Source",
					"$(SRCROOT)/../tidbits/**",
				);
				INFOPLIST_FILE = MailCoreTests/Info.plist;
				IPHONEOS_DEPLOYMENT_TARGET = 8.1;
				LD_RUNPATH_SEARCH_PATHS = "$(inherited) @executable_path/Frameworks @loader_path/Frameworks";
				MTL_ENABLE_DEBUG_INFO = YES;
				PRODUCT_NAME = "$(TARGET_NAME)";
				SDKROOT = iphoneos;
			};
			name = Debug;
		};
		404F58A21A3D28860081DA18 /* Release */ = {
			isa = XCBuildConfiguration;
			buildSettings = {
				ALWAYS_SEARCH_USER_PATHS = YES;
				CLANG_CXX_LANGUAGE_STANDARD = "gnu++0x";
				CLANG_CXX_LIBRARY = "libc++";
				CLANG_ENABLE_MODULES = YES;
				CLANG_ENABLE_OBJC_ARC = YES;
				CLANG_WARN_BOOL_CONVERSION = YES;
				CLANG_WARN_CONSTANT_CONVERSION = YES;
				CLANG_WARN_DIRECT_OBJC_ISA_USAGE = YES_ERROR;
				CLANG_WARN_EMPTY_BODY = YES;
				CLANG_WARN_ENUM_CONVERSION = YES;
				CLANG_WARN_INT_CONVERSION = YES;
				CLANG_WARN_OBJC_ROOT_CLASS = YES_ERROR;
				CLANG_WARN_UNREACHABLE_CODE = YES;
				CLANG_WARN__DUPLICATE_METHOD_MATCH = YES;
				COPY_PHASE_STRIP = YES;
				ENABLE_NS_ASSERTIONS = NO;
				ENABLE_STRICT_OBJC_MSGSEND = YES;
				FRAMEWORK_SEARCH_PATHS = (
					"$(SDKROOT)/Developer/Library/Frameworks",
					"$(inherited)",
				);
				GCC_C_LANGUAGE_STANDARD = gnu99;
				GCC_WARN_64_TO_32_BIT_CONVERSION = YES;
				GCC_WARN_ABOUT_RETURN_TYPE = YES_ERROR;
				GCC_WARN_UNDECLARED_SELECTOR = YES;
				GCC_WARN_UNINITIALIZED_AUTOS = YES_AGGRESSIVE;
				GCC_WARN_UNUSED_FUNCTION = YES;
				HEADER_SEARCH_PATHS = (
					"libetpan/build-mac/include/**",
					"$(SRCROOT)/Source",
					"$(SRCROOT)/../tidbits/**",
				);
				INFOPLIST_FILE = MailCoreTests/Info.plist;
				IPHONEOS_DEPLOYMENT_TARGET = 8.1;
				LD_RUNPATH_SEARCH_PATHS = "$(inherited) @executable_path/Frameworks @loader_path/Frameworks";
				MTL_ENABLE_DEBUG_INFO = NO;
				PRODUCT_NAME = "$(TARGET_NAME)";
				SDKROOT = iphoneos;
				VALIDATE_PRODUCT = YES;
			};
			name = Release;
		};
		F8618B5810DADB5C00C41188 /* Debug */ = {
			isa = XCBuildConfiguration;
			buildSettings = {
				ALWAYS_SEARCH_USER_PATHS = NO;
				COPY_PHASE_STRIP = NO;
				GCC_DYNAMIC_NO_PIC = NO;
				GCC_OPTIMIZATION_LEVEL = 0;
				GCC_PRECOMPILE_PREFIX_HEADER = YES;
				GCC_PREFIX_HEADER = MailCore_Prefix.pch;
				HEADER_SEARCH_PATHS = (
					"libetpan/build-mac/include/**",
					"$(SRCROOT)/../tidbits/**",
				);
				ONLY_ACTIVE_ARCH = NO;
				PRIVATE_HEADERS_FOLDER_PATH = ../../include/MailCore/Private;
				PRODUCT_NAME = mailcore;
				PUBLIC_HEADERS_FOLDER_PATH = ../../include/MailCore;
				SDKROOT = iphoneos;
				SKIP_INSTALL = YES;
			};
			name = Debug;
		};
		F8618B5910DADB5C00C41188 /* Release */ = {
			isa = XCBuildConfiguration;
			buildSettings = {
				ALWAYS_SEARCH_USER_PATHS = NO;
				COPY_PHASE_STRIP = YES;
				DEBUG_INFORMATION_FORMAT = "dwarf-with-dsym";
				GCC_PRECOMPILE_PREFIX_HEADER = YES;
				GCC_PREFIX_HEADER = MailCore_Prefix.pch;
				HEADER_SEARCH_PATHS = (
					"libetpan/build-mac/include/**",
					"$(SRCROOT)/../tidbits/**",
				);
				ONLY_ACTIVE_ARCH = NO;
				PRIVATE_HEADERS_FOLDER_PATH = ../../include/MailCore/Private;
				PRODUCT_NAME = mailcore;
				PUBLIC_HEADERS_FOLDER_PATH = ../../include/MailCore;
				SDKROOT = iphoneos;
				SKIP_INSTALL = YES;
				ZERO_LINK = NO;
			};
			name = Release;
		};
/* End XCBuildConfiguration section */

/* Begin XCConfigurationList section */
		1DEB91B108733DA50010E9CD /* Build configuration list for PBXProject "MailCore" */ = {
			isa = XCConfigurationList;
			buildConfigurations = (
				1DEB91B208733DA50010E9CD /* Debug */,
				1DEB91B308733DA50010E9CD /* Release */,
			);
			defaultConfigurationIsVisible = 0;
			defaultConfigurationName = Release;
		};
		404F58AA1A3D28860081DA18 /* Build configuration list for PBXNativeTarget "MailCoreTests" */ = {
			isa = XCConfigurationList;
			buildConfigurations = (
				404F58A11A3D28860081DA18 /* Debug */,
				404F58A21A3D28860081DA18 /* Release */,
			);
			defaultConfigurationIsVisible = 0;
			defaultConfigurationName = Release;
		};
		F8618B5B10DADB8300C41188 /* Build configuration list for PBXNativeTarget "MailCore iOS" */ = {
			isa = XCConfigurationList;
			buildConfigurations = (
				F8618B5810DADB5C00C41188 /* Debug */,
				F8618B5910DADB5C00C41188 /* Release */,
			);
			defaultConfigurationIsVisible = 0;
			defaultConfigurationName = Release;
		};
/* End XCConfigurationList section */
	};
	rootObject = 0867D690FE84028FC02AAC07 /* Project object */;
}
